
Microsoft Visual Studio Solution File, Format Version 12.00
# Visual Studio Express 2012 for Windows Desktop
Project("{FAE04EC0-301F-11D3-BF4B-00C04F79EFBC}") = "Calculadora_140BISV2", "Calculadora_140BISV2\Calculadora_140BISV2.csproj", "{D3F28FF7-37F4-4011-A6CB-109A55DB7585}"
EndProject
Global
	GlobalSection(SolutionConfigurationPlatforms) = preSolution
		Debug|Any CPU = Debug|Any CPU
		Release|Any CPU = Release|Any CPU
	EndGlobalSection
	GlobalSection(ProjectConfigurationPlatforms) = postSolution
		{D3F28FF7-37F4-4011-A6CB-109A55DB7585}.Debug|Any CPU.ActiveCfg = Debug|Any CPU
		{D3F28FF7-37F4-4011-A6CB-109A55DB7585}.Debug|Any CPU.Build.0 = Debug|Any CPU
		{D3F28FF7-37F4-4011-A6CB-109A55DB7585}.Release|Any CPU.ActiveCfg = Release|Any CPU
		{D3F28FF7-37F4-4011-A6CB-109A55DB7585}.Release|Any CPU.Build.0 = Release|Any CPU
	EndGlobalSection
	GlobalSection(SolutionProperties) = preSolution
		HideSolutionNode = FALSE
	EndGlobalSection
EndGlobal
